{
  "version": 4,
  "terraform_version": "1.6.6",
  "serial": 1,
  "lineage": "76a727b6-9ba7-116a-2704-3ea8045c6c60",
  "outputs": {},
  "resources": [
    {
      "mode": "managed",
      "type": "local_file",
      "name": "test",
      "provider": "provider[\"registry.terraform.io/hashicorp/local\"]",
      "instances": [
        {
          "schema_version": 0,
          "attributes": {
            "content": "Terraform funziona 🚀",
            "content_base64": null,
            "content_base64sha256": "2Tl15Lwii+t9T6lY5c8daCigbbuionxOkWN0ZzjPa1o=",
            "content_base64sha512": "J0MFTsSkQCic0W+40eJMcSCmTEVtX7IGrHQwmizdWUl+GkLsQ9lJB8p6O3igUATuvzfboLUCqE4/ZyPvg9BrnA==",
            "content_md5": "54b065ad0e82003d84b915083f4a9419",
            "content_sha1": "57b4bfe32fd75d7ab9f7611abc06c52fe1f7905f",
            "content_sha256": "d93975e4bc228beb7d4fa958e5cf1d6828a06dbba2a27c4e9163746738cf6b5a",
            "content_sha512": "2743054ec4a440289cd16fb8d1e24c7120a64c456d5fb206ac74309a2cdd59497e1a42ec43d94907ca7a3b78a05004eebf37dba0b502a84e3f6723ef83d06b9c",
            "directory_permission": "0777",
            "file_permission": "0777",
            "filename": "output.txt",
            "id": "57b4bfe32fd75d7ab9f7611abc06c52fe1f7905f",
            "sensitive_content": null,
            "source": null
          },
          "sensitive_attributes": []
        }
      ]
    }
  ],
  "check_results": null
}
